Microsoft Visual Studio Solution File, Format Version 12.00
# Visual Studio Version 17
VisualStudioVersion = 17.5.2.0
MinimumVisualStudioVersion = 10.0.40219.1
Project("{FAE04EC0-301F-11D3-BF4B-00C04F79EFBC}") = "Library_test", "Library_test.csproj", "{651C0B6C-F50C-E2A9-9AB1-D624A131C4D1}"
EndProject
Global
	GlobalSection(SolutionConfigurationPlatforms) = preSolution
		Debug|Any CPU = Debug|Any CPU
		Release|Any CPU = Release|Any CPU
	EndGlobalSection
	GlobalSection(ProjectConfigurationPlatforms) = postSolution
		{651C0B6C-F50C-E2A9-9AB1-D624A131C4D1}.Debug|Any CPU.ActiveCfg = Debug|Any CPU
		{651C0B6C-F50C-E2A9-9AB1-D624A131C4D1}.Debug|Any CPU.Build.0 = Debug|Any CPU
		{651C0B6C-F50C-E2A9-9AB1-D624A131C4D1}.Release|Any CPU.ActiveCfg = Release|Any CPU
		{651C0B6C-F50C-E2A9-9AB1-D624A131C4D1}.Release|Any CPU.Build.0 = Release|Any CPU
	EndGlobalSection
	GlobalSection(SolutionProperties) = preSolution
		HideSolutionNode = FALSE
	EndGlobalSection
	GlobalSection(ExtensibilityGlobals) = postSolution
		SolutionGuid = {A5D16F7B-B177-47BF-B483-05531ED8744C}
	EndGlobalSection
EndGlobal
